// !$*UTF8*$!
{
	archiveVersion = 1;
	classes = {
	};
	objectVersion = 55;
	objects = {

/* Begin PBXBuildFile section */
		FA1C0FD228AA9EB6006A9CE1 /* AudioPlayer.swift in Sources */ = {isa = PBXBuildFile; fileRef = FA1C0FD128AA9EB6006A9CE1 /* AudioPlayer.swift */; };
		FA716BAF289E51AB009358C1 /* CircleGroupView.swift in Sources */ = {isa = PBXBuildFile; fileRef = FA716BAE289E51AB009358C1 /* CircleGroupView.swift */; };
		FAB2B62328997666003773AE /* OnBoardingView.swift in Sources */ = {isa = PBXBuildFile; fileRef = FAB2B62228997666003773AE /* OnBoardingView.swift */; };
		FADA442F289C2C4D00E0A01F /* HomeView.swift in Sources */ = {isa = PBXBuildFile; fileRef = FADA442E289C2C4D00E0A01F /* HomeView.swift */; };
		FAE15F472898301A00339522 /* ReStartApp.swift in Sources */ = {isa = PBXBuildFile; fileRef = FAE15F462898301A00339522 /* ReStartApp.swift */; };
		FAE15F492898301A00339522 /* ContentView.swift in Sources */ = {isa = PBXBuildFile; fileRef = FAE15F482898301A00339522 /* ContentView.swift */; };
		FAE15F4B2898301B00339522 /* Assets.xcassets in Resources */ = {isa = PBXBuildFile; fileRef = FAE15F4A2898301B00339522 /* Assets.xcassets */; };
		FAE15F4E2898301B00339522 /* Preview Assets.xcassets in Resources */ = {isa = PBXBuildFile; fileRef = FAE15F4D2898301B00339522 /* Preview Assets.xcassets */; };
		FAE15F562898327700339522 /* chimeup.mp3 in Resources */ = {isa = PBXBuildFile; fileRef = FAE15F542898327700339522 /* chimeup.mp3 */; };
		FAE15F572898327700339522 /* success.m4a in Resources */ = {isa = PBXBuildFile; fileRef = FAE15F552898327700339522 /* success.m4a */; };
/* End PBXBuildFile section */

/* Begin PBXFileReference section */
		FA1C0FD128AA9EB6006A9CE1 /* AudioPlayer.swift */ = {isa = PBXFileReference; lastKnownFileType = sourcecode.swift; path = AudioPlayer.swift; sourceTree = "<group>"; };
		FA716BAE289E51AB009358C1 /* CircleGroupView.swift */ = {isa = PBXFileReference; lastKnownFileType = sourcecode.swift; path = CircleGroupView.swift; sourceTree = "<group>"; };
		FAB2B621289975EC003773AE /* Info.plist */ = {isa = PBXFileReference; lastKnownFileType = text.plist; path = Info.plist; sourceTree = "<group>"; };
		FAB2B62228997666003773AE /* OnBoardingView.swift */ = {isa = PBXFileReference; lastKnownFileType = sourcecode.swift; path = OnBoardingView.swift; sourceTree = "<group>"; };
		FADA442E289C2C4D00E0A01F /* HomeView.swift */ = {isa = PBXFileReference; lastKnownFileType = sourcecode.swift; path = HomeView.swift; sourceTree = "<group>"; };
		FAE15F432898301A00339522 /* ReStart.app */ = {isa = PBXFileReference; explicitFileType = wrapper.application; includeInIndex = 0; path = ReStart.app; sourceTree = BUILT_PRODUCTS_DIR; };
		FAE15F462898301A00339522 /* ReStartApp.swift */ = {isa = PBXFileReference; lastKnownFileType = sourcecode.swift; path = ReStartApp.swift; sourceTree = "<group>"; };
		FAE15F482898301A00339522 /* ContentView.swift */ = {isa = PBXFileReference; lastKnownFileType = sourcecode.swift; path = ContentView.swift; sourceTree = "<group>"; };
		FAE15F4A2898301B00339522 /* Assets.xcassets */ = {isa = PBXFileReference; lastKnownFileType = folder.assetcatalog; path = Assets.xcassets; sourceTree = "<group>"; };
		FAE15F4D2898301B00339522 /* Preview Assets.xcassets */ = {isa = PBXFileReference; lastKnownFileType = folder.assetcatalog; path = "Preview Assets.xcassets"; sourceTree = "<group>"; };
		FAE15F542898327700339522 /* chimeup.mp3 */ = {isa = PBXFileReference; lastKnownFileType = audio.mp3; path = chimeup.mp3; sourceTree = "<group>"; };
		FAE15F552898327700339522 /* success.m4a */ = {isa = PBXFileReference; lastKnownFileType = file; path = success.m4a; sourceTree = "<group>"; };
/* End PBXFileReference section */

/* Begin PBXFrameworksBuildPhase section */
		FAE15F402898301A00339522 /* Frameworks */ = {
			isa = PBXFrameworksBuildPhase;
			buildActionMask = 2147483647;
			files = (
			);
			runOnlyForDeploymentPostprocessing = 0;
		};
/* End PBXFrameworksBuildPhase section */

/* Begin PBXGroup section */
		FAB2B61E28996E0D003773AE /* Screens */ = {
			isa = PBXGroup;
			children = (
				FAE15F482898301A00339522 /* ContentView.swift */,
				FAB2B62228997666003773AE /* OnBoardingView.swift */,
				FADA442E289C2C4D00E0A01F /* HomeView.swift */,
			);
			path = Screens;
			sourceTree = "<group>";
		};
		FAB2B61F2899721C003773AE /* Views */ = {
			isa = PBXGroup;
			children = (
				FA716BAE289E51AB009358C1 /* CircleGroupView.swift */,
			);
			path = Views;
			sourceTree = "<group>";
		};
		FAB2B620289973ED003773AE /* Utilities */ = {
			isa = PBXGroup;
			children = (
				FA1C0FD128AA9EB6006A9CE1 /* AudioPlayer.swift */,
			);
			path = Utilities;
			sourceTree = "<group>";
		};
		FAE15F3A2898301A00339522 = {
			isa = PBXGroup;
			children = (
				FAE15F452898301A00339522 /* ReStart */,
				FAE15F442898301A00339522 /* Products */,
			);
			sourceTree = "<group>";
		};
		FAE15F442898301A00339522 /* Products */ = {
			isa = PBXGroup;
			children = (
				FAE15F432898301A00339522 /* ReStart.app */,
			);
			name = Products;
			sourceTree = "<group>";
		};
		FAE15F452898301A00339522 /* ReStart */ = {
			isa = PBXGroup;
			children = (
				FAB2B621289975EC003773AE /* Info.plist */,
				FAB2B620289973ED003773AE /* Utilities */,
				FAB2B61F2899721C003773AE /* Views */,
				FAE15F582898328000339522 /* Sounds */,
				FAE15F462898301A00339522 /* ReStartApp.swift */,
				FAB2B61E28996E0D003773AE /* Screens */,
				FAE15F4A2898301B00339522 /* Assets.xcassets */,
				FAE15F4C2898301B00339522 /* Preview Content */,
			);
			path = ReStart;
			sourceTree = "<group>";
		};
		FAE15F4C2898301B00339522 /* Preview Content */ = {
			isa = PBXGroup;
			children = (
				FAE15F4D2898301B00339522 /* Preview Assets.xcassets */,
			);
			path = "Preview Content";
			sourceTree = "<group>";
		};
		FAE15F582898328000339522 /* Sounds */ = {
			isa = PBXGroup;
			children = (
				FAE15F552898327700339522 /* success.m4a */,
				FAE15F542898327700339522 /* chimeup.mp3 */,
			);
			path = Sounds;
			sourceTree = "<group>";
		};
/* End PBXGroup section */

/* Begin PBXNativeTarget section */
		FAE15F422898301A00339522 /* ReStart */ = {
			isa = PBXNativeTarget;
			buildConfigurationList = FAE15F512898301B00339522 /* Build configuration list for PBXNativeTarget "ReStart" */;
			buildPhases = (
				FAE15F3F2898301A00339522 /* Sources */,
				FAE15F402898301A00339522 /* Frameworks */,
				FAE15F412898301A00339522 /* Resources */,
			);
			buildRules = (
			);
			dependencies = (
			);
			name = ReStart;
			productName = ReStart;
			productReference = FAE15F432898301A00339522 /* ReStart.app */;
			productType = "com.apple.product-type.application";
		};
/* End PBXNativeTarget section */

/* Begin PBXProject section */
		FAE15F3B2898301A00339522 /* Project object */ = {
			isa = PBXProject;
			attributes = {
				BuildIndependentTargetsInParallel = 1;
				LastSwiftUpdateCheck = 1340;
				LastUpgradeCheck = 1340;
				TargetAttributes = {
					FAE15F422898301A00339522 = {
						CreatedOnToolsVersion = 13.4.1;
					};
				};
			};
			buildConfigurationList = FAE15F3E2898301A00339522 /* Build configuration list for PBXProject "ReStart" */;
			compatibilityVersion = "Xcode 13.0";
			developmentRegion = en;
			hasScannedForEncodings = 0;
			knownRegions = (
				en,
				Base,
			);
			mainGroup = FAE15F3A2898301A00339522;
			productRefGroup = FAE15F442898301A00339522 /* Products */;
			projectDirPath = "";
			projectRoot = "";
			targets = (
				FAE15F422898301A00339522 /* ReStart */,
			);
		};
/* End PBXProject section */

/* Begin PBXResourcesBuildPhase section */
		FAE15F412898301A00339522 /* Resources */ = {
			isa = PBXResourcesBuildPhase;
			buildActionMask = 2147483647;
			files = (
				FAE15F572898327700339522 /* success.m4a in Resources */,
				FAE15F562898327700339522 /* chimeup.mp3 in Resources */,
				FAE15F4E2898301B00339522 /* Preview Assets.xcassets in Resources */,
				FAE15F4B2898301B00339522 /* Assets.xcassets in Resources */,
			);
			runOnlyForDeploymentPostprocessing = 0;
		};
/* End PBXResourcesBuildPhase section */

/* Begin PBXSourcesBuildPhase section */
		FAE15F3F2898301A00339522 /* Sources */ = {
			isa = PBXSourcesBuildPhase;
			buildActionMask = 2147483647;
			files = (
				FA716BAF289E51AB009358C1 /* CircleGroupView.swift in Sources */,
				FAB2B62328997666003773AE /* OnBoardingView.swift in Sources */,
				FADA442F289C2C4D00E0A01F /* HomeView.swift in Sources */,
				FAE15F492898301A00339522 /* ContentView.swift in Sources */,
				FAE15F472898301A00339522 /* ReStartApp.swift in Sources */,
				FA1C0FD228AA9EB6006A9CE1 /* AudioPlayer.swift in Sources */,
			);
			runOnlyForDeploymentPostprocessing = 0;
		};
/* End PBXSourcesBuildPhase section */

/* Begin XCBuildConfiguration section */
		FAE15F4F2898301B00339522 /* Debug */ = {
			isa = XCBuildConfiguration;
			buildSettings = {
				ALWAYS_SEARCH_USER_PATHS = NO;
				CLANG_ANALYZER_NONNULL = YES;
				CLANG_ANALYZER_NUMBER_OBJECT_CONVERSION = YES_AGGRESSIVE;
				CLANG_CXX_LANGUAGE_STANDARD = "gnu++17";
				CLANG_ENABLE_MODULES = YES;
				CLANG_ENABLE_OBJC_ARC = YES;
				CLANG_ENABLE_OBJC_WEAK = YES;
				CLANG_WARN_BLOCK_CAPTURE_AUTORELEASING = YES;
				CLANG_WARN_BOOL_CONVERSION = YES;
				CLANG_WARN_COMMA = YES;
				CLANG_WARN_CONSTANT_CONVERSION = YES;
				CLANG_WARN_DEPRECATED_OBJC_IMPLEMENTATIONS = YES;
				CLANG_WARN_DIRECT_OBJC_ISA_USAGE = YES_ERROR;
				CLANG_WARN_DOCUMENTATION_COMMENTS = YES;
				CLANG_WARN_EMPTY_BODY = YES;
				CLANG_WARN_ENUM_CONVERSION = YES;
				CLANG_WARN_INFINITE_RECURSION = YES;
				CLANG_WARN_INT_CONVERSION = YES;
				CLANG_WARN_NON_LITERAL_NULL_CONVERSION = YES;
				CLANG_WARN_OBJC_IMPLICIT_RETAIN_SELF = YES;
				CLANG_WARN_OBJC_LITERAL_CONVERSION = YES;
				CLANG_WARN_OBJC_ROOT_CLASS = YES_ERROR;
				CLANG_WARN_QUOTED_INCLUDE_IN_FRAMEWORK_HEADER = YES;
				CLANG_WARN_RANGE_LOOP_ANALYSIS = YES;
				CLANG_WARN_STRICT_PROTOTYPES = YES;
				CLANG_WARN_SUSPICIOUS_MOVE = YES;
				CLANG_WARN_UNGUARDED_AVAILABILITY = YES_AGGRESSIVE;
				CLANG_WARN_UNREACHABLE_CODE = YES;
				CLANG_WARN__DUPLICATE_METHOD_MATCH = YES;
				COPY_PHASE_STRIP = NO;
				DEBUG_INFORMATION_FORMAT = dwarf;
				ENABLE_STRICT_OBJC_MSGSEND = YES;
				ENABLE_TESTABILITY = YES;
				GCC_C_LANGUAGE_STANDARD = gnu11;
				GCC_DYNAMIC_NO_PIC = NO;
				GCC_NO_COMMON_BLOCKS = YES;
				GCC_OPTIMIZATION_LEVEL = 0;
				GCC_PREPROCESSOR_DEFINITIONS = (
					"DEBUG=1",
					"$(inherited)",
				);
				GCC_WARN_64_TO_32_BIT_CONVERSION = YES;
				GCC_WARN_ABOUT_RETURN_TYPE = YES_ERROR;
				GCC_WARN_UNDECLARED_SELECTOR = YES;
				GCC_WARN_UNINITIALIZED_AUTOS = YES_AGGRESSIVE;
				GCC_WARN_UNUSED_FUNCTION = YES;
				GCC_WARN_UNUSED_VARIABLE = YES;
				IPHONEOS_DEPLOYMENT_TARGET = 15.5;
				MTL_ENABLE_DEBUG_INFO = INCLUDE_SOURCE;
				MTL_FAST_MATH = YES;
				ONLY_ACTIVE_ARCH = YES;
				SDKROOT = iphoneos;
				SWIFT_ACTIVE_COMPILATION_CONDITIONS = DEBUG;
				SWIFT_OPTIMIZATION_LEVEL = "-Onone";
			};
			name = Debug;
		};
		FAE15F502898301B00339522 /* Release */ = {
			isa = XCBuildConfiguration;
			buildSettings = {
				ALWAYS_SEARCH_USER_PATHS = NO;
				CLANG_ANALYZER_NONNULL = YES;
				CLANG_ANALYZER_NUMBER_OBJECT_CONVERSION = YES_AGGRESSIVE;
				CLANG_CXX_LANGUAGE_STANDARD = "gnu++17";
				CLANG_ENABLE_MODULES = YES;
				CLANG_ENABLE_OBJC_ARC = YES;
				CLANG_ENABLE_OBJC_WEAK = YES;
				CLANG_WARN_BLOCK_CAPTURE_AUTORELEASING = YES;
				CLANG_WARN_BOOL_CONVERSION = YES;
				CLANG_WARN_COMMA = YES;
				CLANG_WARN_CONSTANT_CONVERSION = YES;
				CLANG_WARN_DEPRECATED_OBJC_IMPLEMENTATIONS = YES;
				CLANG_WARN_DIRECT_OBJC_ISA_USAGE = YES_ERROR;
				CLANG_WARN_DOCUMENTATION_COMMENTS = YES;
				CLANG_WARN_EMPTY_BODY = YES;
				CLANG_WARN_ENUM_CONVERSION = YES;
				CLANG_WARN_INFINITE_RECURSION = YES;
				CLANG_WARN_INT_CONVERSION = YES;
				CLANG_WARN_NON_LITERAL_NULL_CONVERSION = YES;
				CLANG_WARN_OBJC_IMPLICIT_RETAIN_SELF = YES;
				CLANG_WARN_OBJC_LITERAL_CONVERSION = YES;
				CLANG_WARN_OBJC_ROOT_CLASS = YES_ERROR;
				CLANG_WARN_QUOTED_INCLUDE_IN_FRAMEWORK_HEADER = YES;
				CLANG_WARN_RANGE_LOOP_ANALYSIS = YES;
				CLANG_WARN_STRICT_PROTOTYPES = YES;
				CLANG_WARN_SUSPICIOUS_MOVE = YES;
				CLANG_WARN_UNGUARDED_AVAILABILITY = YES_AGGRESSIVE;
				CLANG_WARN_UNREACHABLE_CODE = YES;
				CLANG_WARN__DUPLICATE_METHOD_MATCH = YES;
				COPY_PHASE_STRIP = NO;
				DEBUG_INFORMATION_FORMAT = "dwarf-with-dsym";
				ENABLE_NS_ASSERTIONS = NO;
				ENABLE_STRICT_OBJC_MSGSEND = YES;
				GCC_C_LANGUAGE_STANDARD = gnu11;
				GCC_NO_COMMON_BLOCKS = YES;
				GCC_WARN_64_TO_32_BIT_CONVERSION = YES;
				GCC_WARN_ABOUT_RETURN_TYPE = YES_ERROR;
				GCC_WARN_UNDECLARED_SELECTOR = YES;
				GCC_WARN_UNINITIALIZED_AUTOS = YES_AGGRESSIVE;
				GCC_WARN_UNUSED_FUNCTION = YES;
				GCC_WARN_UNUSED_VARIABLE = YES;
				IPHONEOS_DEPLOYMENT_TARGET = 15.5;
				MTL_ENABLE_DEBUG_INFO = NO;
				MTL_FAST_MATH = YES;
				SDKROOT = iphoneos;
				SWIFT_COMPILATION_MODE = wholemodule;
				SWIFT_OPTIMIZATION_LEVEL = "-O";
				VALIDATE_PRODUCT = YES;
			};
			name = Release;
		};
		FAE15F522898301B00339522 /* Debug */ = {
			isa = XCBuildConfiguration;
			buildSettings = {
				ASSETCATALOG_COMPILER_APPICON_NAME = AppIcon;
				ASSETCATALOG_COMPILER_GLOBAL_ACCENT_COLOR_NAME = AccentColor;
				CODE_SIGN_STYLE = Automatic;
				CURRENT_PROJECT_VERSION = 1;
				DEVELOPMENT_ASSET_PATHS = "\"ReStart/Preview Content\"";
				DEVELOPMENT_TEAM = KNRS8Y6JMQ;
				ENABLE_PREVIEWS = YES;
				GENERATE_INFOPLIST_FILE = YES;
				INFOPLIST_FILE = ReStart/Info.plist;
				INFOPLIST_KEY_UIApplicationSceneManifest_Generation = YES;
				INFOPLIST_KEY_UIApplicationSupportsIndirectInputEvents = YES;
				INFOPLIST_KEY_UISupportedInterfaceOrientations = UIInterfaceOrientationPortrait;
				INFOPLIST_KEY_UISupportedInterfaceOrientations_iPad = "UIInterfaceOrientationPortrait UIInterfaceOrientationPortraitUpsideDown UIInterfaceOrientationLandscapeLeft UIInterfaceOrientationLandscapeRight";
				INFOPLIST_KEY_UISupportedInterfaceOrientations_iPhone = UIInterfaceOrientationPortrait;
				LD_RUNPATH_SEARCH_PATHS = (
					"$(inherited)",
					"@executable_path/Frameworks",
				);
				MARKETING_VERSION = 1.0;
				PRODUCT_BUNDLE_IDENTIFIER = com.minhkhue.ReStart;
				PRODUCT_NAME = "$(TARGET_NAME)";
				SWIFT_EMIT_LOC_STRINGS = YES;
				SWIFT_VERSION = 5.0;
				TARGETED_DEVICE_FAMILY = "1,2";
			};
			name = Debug;
		};
		FAE15F532898301B00339522 /* Release */ = {
			isa = XCBuildConfiguration;
			buildSettings = {
				ASSETCATALOG_COMPILER_APPICON_NAME = AppIcon;
				ASSETCATALOG_COMPILER_GLOBAL_ACCENT_COLOR_NAME = AccentColor;
				CODE_SIGN_STYLE = Automatic;
				CURRENT_PROJECT_VERSION = 1;
				DEVELOPMENT_ASSET_PATHS = "\"ReStart/Preview Content\"";
				DEVELOPMENT_TEAM = KNRS8Y6JMQ;
				ENABLE_PREVIEWS = YES;
				GENERATE_INFOPLIST_FILE = YES;
				INFOPLIST_FILE = ReStart/Info.plist;
				INFOPLIST_KEY_UIApplicationSceneManifest_Generation = YES;
				INFOPLIST_KEY_UIApplicationSupportsIndirectInputEvents = YES;
				INFOPLIST_KEY_UISupportedInterfaceOrientations = UIInterfaceOrientationPortrait;
				INFOPLIST_KEY_UISupportedInterfaceOrientations_iPad = "UIInterfaceOrientationPortrait UIInterfaceOrientationPortraitUpsideDown UIInterfaceOrientationLandscapeLeft UIInterfaceOrientationLandscapeRight";
				INFOPLIST_KEY_UISupportedInterfaceOrientations_iPhone = UIInterfaceOrientationPortrait;
				LD_RUNPATH_SEARCH_PATHS = (
					"$(inherited)",
					"@executable_path/Frameworks",
				);
				MARKETING_VERSION = 1.0;
				PRODUCT_BUNDLE_IDENTIFIER = com.minhkhue.ReStart;
				PRODUCT_NAME = "$(TARGET_NAME)";
				SWIFT_EMIT_LOC_STRINGS = YES;
				SWIFT_VERSION = 5.0;
				TARGETED_DEVICE_FAMILY = "1,2";
			};
			name = Release;
		};
/* End XCBuildConfiguration section */

/* Begin XCConfigurationList section */
		FAE15F3E2898301A00339522 /* Build configuration list for PBXProject "ReStart" */ = {
			isa = XCConfigurationList;
			buildConfigurations = (
				FAE15F4F2898301B00339522 /* Debug */,
				FAE15F502898301B00339522 /* Release */,
			);
			defaultConfigurationIsVisible = 0;
			defaultConfigurationName = Release;
		};
		FAE15F512898301B00339522 /* Build configuration list for PBXNativeTarget "ReStart" */ = {
			isa = XCConfigurationList;
			buildConfigurations = (
				FAE15F522898301B00339522 /* Debug */,
				FAE15F532898301B00339522 /* Release */,
			);
			defaultConfigurationIsVisible = 0;
			defaultConfigurationName = Release;
		};
/* End XCConfigurationList section */
	};
	rootObject = FAE15F3B2898301A00339522 /* Project object */;
}
